// !$*UTF8*$!
{
	archiveVersion = 1;
	classes = {
	};
	objectVersion = 70;
	objects = {

/* Begin PBXBuildFile section */
		9680CC662F56E91C0029B946 /* MPPConverterXPC.xpc in Embed XPC Services */ = {isa = PBXBuildFile; fileRef = 9680CC5B2F56E91C0029B946 /* MPPConverterXPC.xpc */; settings = {ATTRIBUTES = (RemoveHeadersOnCopy, ); }; };
		A10000010000000000000001 /* MPPViewerApp.swift in Sources */ = {isa = PBXBuildFile; fileRef = A20000010000000000000001 /* MPPViewerApp.swift */; };
		A10000010000000000000002 /* MPPDocument.swift in Sources */ = {isa = PBXBuildFile; fileRef = A20000010000000000000002 /* MPPDocument.swift */; };
		A10000010000000000000003 /* ContentView.swift in Sources */ = {isa = PBXBuildFile; fileRef = A20000010000000000000003 /* ContentView.swift */; };
		A10000010000000000000004 /* ProjectModel.swift in Sources */ = {isa = PBXBuildFile; fileRef = A20000010000000000000004 /* ProjectModel.swift */; };
		A10000010000000000000005 /* ProjectStore.swift in Sources */ = {isa = PBXBuildFile; fileRef = A20000010000000000000005 /* ProjectStore.swift */; };
		A10000010000000000000006 /* MPPConverterService.swift in Sources */ = {isa = PBXBuildFile; fileRef = A20000010000000000000006 /* MPPConverterService.swift */; };
		A10000010000000000000007 /* JSONProjectParser.swift in Sources */ = {isa = PBXBuildFile; fileRef = A20000010000000000000007 /* JSONProjectParser.swift */; };
		A10000010000000000000008 /* SidebarView.swift in Sources */ = {isa = PBXBuildFile; fileRef = A20000010000000000000008 /* SidebarView.swift */; };
		A10000010000000000000009 /* ProjectSummaryView.swift in Sources */ = {isa = PBXBuildFile; fileRef = A20000010000000000000009 /* ProjectSummaryView.swift */; };
		A10000010000000000000010 /* TaskTableView.swift in Sources */ = {isa = PBXBuildFile; fileRef = A20000010000000000000010 /* TaskTableView.swift */; };
		A10000010000000000000060 /* TaskDetailView.swift in Sources */ = {isa = PBXBuildFile; fileRef = A20000010000000000000060 /* TaskDetailView.swift */; };
		A10000010000000000000011 /* GanttChartView.swift in Sources */ = {isa = PBXBuildFile; fileRef = A20000010000000000000011 /* GanttChartView.swift */; };
		A10000010000000000000012 /* GanttBarView.swift in Sources */ = {isa = PBXBuildFile; fileRef = A20000010000000000000012 /* GanttBarView.swift */; };
		A10000010000000000000013 /* GanttHeaderView.swift in Sources */ = {isa = PBXBuildFile; fileRef = A20000010000000000000013 /* GanttHeaderView.swift */; };
		A10000010000000000000014 /* GanttDependencyView.swift in Sources */ = {isa = PBXBuildFile; fileRef = A20000010000000000000014 /* GanttDependencyView.swift */; };
		A10000010000000000000015 /* ResourceSheetView.swift in Sources */ = {isa = PBXBuildFile; fileRef = A20000010000000000000015 /* ResourceSheetView.swift */; };
		A10000010000000000000016 /* CalendarView.swift in Sources */ = {isa = PBXBuildFile; fileRef = A20000010000000000000016 /* CalendarView.swift */; };
		A10000010000000000000017 /* DateFormatting.swift in Sources */ = {isa = PBXBuildFile; fileRef = A20000010000000000000017 /* DateFormatting.swift */; };
		A10000010000000000000018 /* DurationFormatting.swift in Sources */ = {isa = PBXBuildFile; fileRef = A20000010000000000000018 /* DurationFormatting.swift */; };
		A10000010000000000000019 /* ColorTheme.swift in Sources */ = {isa = PBXBuildFile; fileRef = A20000010000000000000019 /* ColorTheme.swift */; };
		A10000010000000000000070 /* PDFExporter.swift in Sources */ = {isa = PBXBuildFile; fileRef = A20000010000000000000070 /* PDFExporter.swift */; };
		A10000010000000000000020 /* ScheduleView.swift in Sources */ = {isa = PBXBuildFile; fileRef = A20000010000000000000022 /* ScheduleView.swift */; };
		A10000010000000000000021 /* Assets.xcassets in Resources */ = {isa = PBXBuildFile; fileRef = A20000010000000000000023 /* Assets.xcassets */; };
		A10000010000000000000030 /* MilestonesView.swift in Sources */ = {isa = PBXBuildFile; fileRef = A20000010000000000000032 /* MilestonesView.swift */; };
		A10000010000000000000050 /* DashboardView.swift in Sources */ = {isa = PBXBuildFile; fileRef = A20000010000000000000052 /* DashboardView.swift */; };
		A10000010000000000000040 /* MPPConverterProtocol.swift in Sources */ = {isa = PBXBuildFile; fileRef = A20000010000000000000040 /* MPPConverterProtocol.swift */; };
		A10000010000000000000080 /* TaskFilter.swift in Sources */ = {isa = PBXBuildFile; fileRef = A20000010000000000000080 /* TaskFilter.swift */; };
		A10000010000000000000081 /* EVMCalculator.swift in Sources */ = {isa = PBXBuildFile; fileRef = A20000010000000000000081 /* EVMCalculator.swift */; };
		A10000010000000000000082 /* WorkloadCalculator.swift in Sources */ = {isa = PBXBuildFile; fileRef = A20000010000000000000082 /* WorkloadCalculator.swift */; };
		A10000010000000000000083 /* FilterBarView.swift in Sources */ = {isa = PBXBuildFile; fileRef = A20000010000000000000083 /* FilterBarView.swift */; };
		A10000010000000000000084 /* EarnedValueView.swift in Sources */ = {isa = PBXBuildFile; fileRef = A20000010000000000000084 /* EarnedValueView.swift */; };
		A10000010000000000000085 /* WorkloadView.swift in Sources */ = {isa = PBXBuildFile; fileRef = A20000010000000000000085 /* WorkloadView.swift */; };
		A10000010000000000000090 /* CSVExporter.swift in Sources */ = {isa = PBXBuildFile; fileRef = A20000010000000000000090 /* CSVExporter.swift */; };
		A10000010000000000000091 /* AnyCodable.swift in Sources */ = {isa = PBXBuildFile; fileRef = A20000010000000000000091 /* AnyCodable.swift */; };
		A10000010000000000000092 /* PrintManager.swift in Sources */ = {isa = PBXBuildFile; fileRef = A20000010000000000000092 /* PrintManager.swift */; };
		A10000010000000000000093 /* ProjectDiff.swift in Sources */ = {isa = PBXBuildFile; fileRef = A20000010000000000000093 /* ProjectDiff.swift */; };
		A10000010000000000000094 /* TimelineView.swift in Sources */ = {isa = PBXBuildFile; fileRef = A20000010000000000000094 /* TimelineView.swift */; };
		A10000010000000000000095 /* DiffView.swift in Sources */ = {isa = PBXBuildFile; fileRef = A20000010000000000000095 /* DiffView.swift */; };
/* End PBXBuildFile section */

/* Begin PBXContainerItemProxy section */
		9680CC642F56E91C0029B946 /* PBXContainerItemProxy */ = {
			isa = PBXContainerItemProxy;
			containerPortal = A90000010000000000000001 /* Project object */;
			proxyType = 1;
			remoteGlobalIDString = 9680CC5A2F56E91C0029B946;
			remoteInfo = MPPConverterXPC;
		};
/* End PBXContainerItemProxy section */

/* Begin PBXCopyFilesBuildPhase section */
		9680CC672F56E91C0029B946 /* Embed XPC Services */ = {
			isa = PBXCopyFilesBuildPhase;
			buildActionMask = 2147483647;
			dstPath = "$(CONTENTS_FOLDER_PATH)/XPCServices";
			dstSubfolderSpec = 16;
			files = (
				9680CC662F56E91C0029B946 /* MPPConverterXPC.xpc in Embed XPC Services */,
			);
			name = "Embed XPC Services";
			runOnlyForDeploymentPostprocessing = 0;
		};
/* End PBXCopyFilesBuildPhase section */

/* Begin PBXFileReference section */
		9680CC5B2F56E91C0029B946 /* MPPConverterXPC.xpc */ = {isa = PBXFileReference; explicitFileType = "wrapper.xpc-service"; includeInIndex = 0; path = MPPConverterXPC.xpc; sourceTree = BUILT_PRODUCTS_DIR; };
		A20000010000000000000001 /* MPPViewerApp.swift */ = {isa = PBXFileReference; lastKnownFileType = sourcecode.swift; path = MPPViewerApp.swift; sourceTree = "<group>"; };
		A20000010000000000000002 /* MPPDocument.swift */ = {isa = PBXFileReference; lastKnownFileType = sourcecode.swift; path = MPPDocument.swift; sourceTree = "<group>"; };
		A20000010000000000000003 /* ContentView.swift */ = {isa = PBXFileReference; lastKnownFileType = sourcecode.swift; path = ContentView.swift; sourceTree = "<group>"; };
		A20000010000000000000004 /* ProjectModel.swift */ = {isa = PBXFileReference; lastKnownFileType = sourcecode.swift; path = ProjectModel.swift; sourceTree = "<group>"; };
		A20000010000000000000005 /* ProjectStore.swift */ = {isa = PBXFileReference; lastKnownFileType = sourcecode.swift; path = ProjectStore.swift; sourceTree = "<group>"; };
		A20000010000000000000006 /* MPPConverterService.swift */ = {isa = PBXFileReference; lastKnownFileType = sourcecode.swift; path = MPPConverterService.swift; sourceTree = "<group>"; };
		A20000010000000000000007 /* JSONProjectParser.swift */ = {isa = PBXFileReference; lastKnownFileType = sourcecode.swift; path = JSONProjectParser.swift; sourceTree = "<group>"; };
		A20000010000000000000008 /* SidebarView.swift */ = {isa = PBXFileReference; lastKnownFileType = sourcecode.swift; path = SidebarView.swift; sourceTree = "<group>"; };
		A20000010000000000000009 /* ProjectSummaryView.swift */ = {isa = PBXFileReference; lastKnownFileType = sourcecode.swift; path = ProjectSummaryView.swift; sourceTree = "<group>"; };
		A20000010000000000000010 /* TaskTableView.swift */ = {isa = PBXFileReference; lastKnownFileType = sourcecode.swift; path = TaskTableView.swift; sourceTree = "<group>"; };
		A20000010000000000000060 /* TaskDetailView.swift */ = {isa = PBXFileReference; lastKnownFileType = sourcecode.swift; path = TaskDetailView.swift; sourceTree = "<group>"; };
		A20000010000000000000011 /* GanttChartView.swift */ = {isa = PBXFileReference; lastKnownFileType = sourcecode.swift; path = GanttChartView.swift; sourceTree = "<group>"; };
		A20000010000000000000012 /* GanttBarView.swift */ = {isa = PBXFileReference; lastKnownFileType = sourcecode.swift; path = GanttBarView.swift; sourceTree = "<group>"; };
		A20000010000000000000013 /* GanttHeaderView.swift */ = {isa = PBXFileReference; lastKnownFileType = sourcecode.swift; path = GanttHeaderView.swift; sourceTree = "<group>"; };
		A20000010000000000000014 /* GanttDependencyView.swift */ = {isa = PBXFileReference; lastKnownFileType = sourcecode.swift; path = GanttDependencyView.swift; sourceTree = "<group>"; };
		A20000010000000000000015 /* ResourceSheetView.swift */ = {isa = PBXFileReference; lastKnownFileType = sourcecode.swift; path = ResourceSheetView.swift; sourceTree = "<group>"; };
		A20000010000000000000016 /* CalendarView.swift */ = {isa = PBXFileReference; lastKnownFileType = sourcecode.swift; path = CalendarView.swift; sourceTree = "<group>"; };
		A20000010000000000000017 /* DateFormatting.swift */ = {isa = PBXFileReference; lastKnownFileType = sourcecode.swift; path = DateFormatting.swift; sourceTree = "<group>"; };
		A20000010000000000000018 /* DurationFormatting.swift */ = {isa = PBXFileReference; lastKnownFileType = sourcecode.swift; path = DurationFormatting.swift; sourceTree = "<group>"; };
		A20000010000000000000019 /* ColorTheme.swift */ = {isa = PBXFileReference; lastKnownFileType = sourcecode.swift; path = ColorTheme.swift; sourceTree = "<group>"; };
		A20000010000000000000070 /* PDFExporter.swift */ = {isa = PBXFileReference; lastKnownFileType = sourcecode.swift; path = PDFExporter.swift; sourceTree = "<group>"; };
		A20000010000000000000020 /* Info.plist */ = {isa = PBXFileReference; lastKnownFileType = text.plist.xml; path = Info.plist; sourceTree = "<group>"; };
		A20000010000000000000021 /* MPPViewer.entitlements */ = {isa = PBXFileReference; lastKnownFileType = text.plist.entitlements; path = MPPViewer.entitlements; sourceTree = "<group>"; };
		A20000010000000000000022 /* ScheduleView.swift */ = {isa = PBXFileReference; lastKnownFileType = sourcecode.swift; path = ScheduleView.swift; sourceTree = "<group>"; };
		A20000010000000000000023 /* Assets.xcassets */ = {isa = PBXFileReference; lastKnownFileType = folder.assetcatalog; path = Assets.xcassets; sourceTree = "<group>"; };
		A20000010000000000000032 /* MilestonesView.swift */ = {isa = PBXFileReference; lastKnownFileType = sourcecode.swift; path = MilestonesView.swift; sourceTree = "<group>"; };
		A20000010000000000000052 /* DashboardView.swift */ = {isa = PBXFileReference; lastKnownFileType = sourcecode.swift; path = DashboardView.swift; sourceTree = "<group>"; };
		A20000010000000000000040 /* MPPConverterProtocol.swift */ = {isa = PBXFileReference; lastKnownFileType = sourcecode.swift; path = MPPConverterProtocol.swift; sourceTree = "<group>"; };
		A20000010000000000000080 /* TaskFilter.swift */ = {isa = PBXFileReference; lastKnownFileType = sourcecode.swift; path = TaskFilter.swift; sourceTree = "<group>"; };
		A20000010000000000000081 /* EVMCalculator.swift */ = {isa = PBXFileReference; lastKnownFileType = sourcecode.swift; path = EVMCalculator.swift; sourceTree = "<group>"; };
		A20000010000000000000082 /* WorkloadCalculator.swift */ = {isa = PBXFileReference; lastKnownFileType = sourcecode.swift; path = WorkloadCalculator.swift; sourceTree = "<group>"; };
		A20000010000000000000083 /* FilterBarView.swift */ = {isa = PBXFileReference; lastKnownFileType = sourcecode.swift; path = FilterBarView.swift; sourceTree = "<group>"; };
		A20000010000000000000084 /* EarnedValueView.swift */ = {isa = PBXFileReference; lastKnownFileType = sourcecode.swift; path = EarnedValueView.swift; sourceTree = "<group>"; };
		A20000010000000000000085 /* WorkloadView.swift */ = {isa = PBXFileReference; lastKnownFileType = sourcecode.swift; path = WorkloadView.swift; sourceTree = "<group>"; };
		A20000010000000000000090 /* CSVExporter.swift */ = {isa = PBXFileReference; lastKnownFileType = sourcecode.swift; path = CSVExporter.swift; sourceTree = "<group>"; };
		A20000010000000000000091 /* AnyCodable.swift */ = {isa = PBXFileReference; lastKnownFileType = sourcecode.swift; path = AnyCodable.swift; sourceTree = "<group>"; };
		A20000010000000000000092 /* PrintManager.swift */ = {isa = PBXFileReference; lastKnownFileType = sourcecode.swift; path = PrintManager.swift; sourceTree = "<group>"; };
		A20000010000000000000093 /* ProjectDiff.swift */ = {isa = PBXFileReference; lastKnownFileType = sourcecode.swift; path = ProjectDiff.swift; sourceTree = "<group>"; };
		A20000010000000000000094 /* TimelineView.swift */ = {isa = PBXFileReference; lastKnownFileType = sourcecode.swift; path = TimelineView.swift; sourceTree = "<group>"; };
		A20000010000000000000095 /* DiffView.swift */ = {isa = PBXFileReference; lastKnownFileType = sourcecode.swift; path = DiffView.swift; sourceTree = "<group>"; };
		A30000010000000000000001 /* MPPViewer.app */ = {isa = PBXFileReference; explicitFileType = wrapper.application; includeInIndex = 0; path = MPPViewer.app; sourceTree = BUILT_PRODUCTS_DIR; };
/* End PBXFileReference section */

/* Begin PBXFileSystemSynchronizedBuildFileExceptionSet section */
		9680CC6A2F56E91C0029B946 /* PBXFileSystemSynchronizedBuildFileExceptionSet */ = {
			isa = PBXFileSystemSynchronizedBuildFileExceptionSet;
			membershipExceptions = (
				Info.plist,
			);
			target = 9680CC5A2F56E91C0029B946 /* MPPConverterXPC */;
		};
/* End PBXFileSystemSynchronizedBuildFileExceptionSet section */

/* Begin PBXFileSystemSynchronizedRootGroup section */
		9680CC5C2F56E91C0029B946 /* MPPConverterXPC */ = {isa = PBXFileSystemSynchronizedRootGroup; exceptions = (9680CC6A2F56E91C0029B946 /* PBXFileSystemSynchronizedBuildFileExceptionSet */, ); explicitFileTypes = {}; explicitFolders = (); path = MPPConverterXPC; sourceTree = "<group>"; };
/* End PBXFileSystemSynchronizedRootGroup section */

/* Begin PBXFrameworksBuildPhase section */
		9680CC582F56E91C0029B946 /* Frameworks */ = {
			isa = PBXFrameworksBuildPhase;
			buildActionMask = 2147483647;
			files = (
			);
			runOnlyForDeploymentPostprocessing = 0;
		};
		A40000010000000000000001 /* Frameworks */ = {
			isa = PBXFrameworksBuildPhase;
			buildActionMask = 2147483647;
			files = (
			);
			runOnlyForDeploymentPostprocessing = 0;
		};
/* End PBXFrameworksBuildPhase section */

/* Begin PBXGroup section */
		A50000010000000000000001 = {
			isa = PBXGroup;
			children = (
				A50000010000000000000002 /* MPPViewer */,
				9680CC5C2F56E91C0029B946 /* MPPConverterXPC */,
				A50000010000000000000099 /* Products */,
			);
			sourceTree = "<group>";
		};
		A50000010000000000000002 /* MPPViewer */ = {
			isa = PBXGroup;
			children = (
				A20000010000000000000020 /* Info.plist */,
				A20000010000000000000021 /* MPPViewer.entitlements */,
				A20000010000000000000023 /* Assets.xcassets */,
				A50000010000000000000003 /* App */,
				A50000010000000000000004 /* Models */,
				A50000010000000000000005 /* Services */,
				A50000010000000000000006 /* Views */,
				A50000010000000000000010 /* Utilities */,
			);
			path = MPPViewer;
			sourceTree = "<group>";
		};
		A50000010000000000000003 /* App */ = {
			isa = PBXGroup;
			children = (
				A20000010000000000000001 /* MPPViewerApp.swift */,
				A20000010000000000000002 /* MPPDocument.swift */,
				A20000010000000000000003 /* ContentView.swift */,
			);
			path = App;
			sourceTree = "<group>";
		};
		A50000010000000000000004 /* Models */ = {
			isa = PBXGroup;
			children = (
				A20000010000000000000004 /* ProjectModel.swift */,
				A20000010000000000000005 /* ProjectStore.swift */,
				A20000010000000000000080 /* TaskFilter.swift */,
				A20000010000000000000091 /* AnyCodable.swift */,
				A20000010000000000000093 /* ProjectDiff.swift */,
			);
			path = Models;
			sourceTree = "<group>";
		};
		A50000010000000000000005 /* Services */ = {
			isa = PBXGroup;
			children = (
				A20000010000000000000006 /* MPPConverterService.swift */,
				A20000010000000000000007 /* JSONProjectParser.swift */,
				A20000010000000000000040 /* MPPConverterProtocol.swift */,
				A20000010000000000000081 /* EVMCalculator.swift */,
				A20000010000000000000082 /* WorkloadCalculator.swift */,
			);
			path = Services;
			sourceTree = "<group>";
		};
		A50000010000000000000006 /* Views */ = {
			isa = PBXGroup;
			children = (
				A50000010000000000000007 /* Sidebar */,
				A50000010000000000000008 /* Summary */,
				A50000010000000000000009 /* Tasks */,
				A50000010000000000000011 /* Gantt */,
				A50000010000000000000012 /* Resources */,
				A50000010000000000000013 /* Calendar */,
				A50000010000000000000014 /* Schedule */,
				A50000010000000000000024 /* Milestones */,
				A50000010000000000000034 /* Dashboard */,
				A50000010000000000000080 /* Components */,
				A50000010000000000000081 /* EarnedValue */,
				A50000010000000000000082 /* Workload */,
				A50000010000000000000090 /* Timeline */,
				A50000010000000000000091 /* Diff */,
			);
			path = Views;
			sourceTree = "<group>";
		};
		A50000010000000000000007 /* Sidebar */ = {
			isa = PBXGroup;
			children = (
				A20000010000000000000008 /* SidebarView.swift */,
			);
			path = Sidebar;
			sourceTree = "<group>";
		};
		A50000010000000000000008 /* Summary */ = {
			isa = PBXGroup;
			children = (
				A20000010000000000000009 /* ProjectSummaryView.swift */,
			);
			path = Summary;
			sourceTree = "<group>";
		};
		A50000010000000000000009 /* Tasks */ = {
			isa = PBXGroup;
			children = (
				A20000010000000000000010 /* TaskTableView.swift */,
				A20000010000000000000060 /* TaskDetailView.swift */,
			);
			path = Tasks;
			sourceTree = "<group>";
		};
		A50000010000000000000010 /* Utilities */ = {
			isa = PBXGroup;
			children = (
				A20000010000000000000017 /* DateFormatting.swift */,
				A20000010000000000000018 /* DurationFormatting.swift */,
				A20000010000000000000019 /* ColorTheme.swift */,
				A20000010000000000000070 /* PDFExporter.swift */,
				A20000010000000000000090 /* CSVExporter.swift */,
				A20000010000000000000092 /* PrintManager.swift */,
			);
			path = Utilities;
			sourceTree = "<group>";
		};
		A50000010000000000000011 /* Gantt */ = {
			isa = PBXGroup;
			children = (
				A20000010000000000000011 /* GanttChartView.swift */,
				A20000010000000000000012 /* GanttBarView.swift */,
				A20000010000000000000013 /* GanttHeaderView.swift */,
				A20000010000000000000014 /* GanttDependencyView.swift */,
			);
			path = Gantt;
			sourceTree = "<group>";
		};
		A50000010000000000000012 /* Resources */ = {
			isa = PBXGroup;
			children = (
				A20000010000000000000015 /* ResourceSheetView.swift */,
			);
			path = Resources;
			sourceTree = "<group>";
		};
		A50000010000000000000013 /* Calendar */ = {
			isa = PBXGroup;
			children = (
				A20000010000000000000016 /* CalendarView.swift */,
			);
			path = Calendar;
			sourceTree = "<group>";
		};
		A50000010000000000000014 /* Schedule */ = {
			isa = PBXGroup;
			children = (
				A20000010000000000000022 /* ScheduleView.swift */,
			);
			path = Schedule;
			sourceTree = "<group>";
		};
		A50000010000000000000024 /* Milestones */ = {
			isa = PBXGroup;
			children = (
				A20000010000000000000032 /* MilestonesView.swift */,
			);
			path = Milestones;
			sourceTree = "<group>";
		};
		A50000010000000000000034 /* Dashboard */ = {
			isa = PBXGroup;
			children = (
				A20000010000000000000052 /* DashboardView.swift */,
			);
			path = Dashboard;
			sourceTree = "<group>";
		};
		A50000010000000000000080 /* Components */ = {
			isa = PBXGroup;
			children = (
				A20000010000000000000083 /* FilterBarView.swift */,
			);
			path = Components;
			sourceTree = "<group>";
		};
		A50000010000000000000081 /* EarnedValue */ = {
			isa = PBXGroup;
			children = (
				A20000010000000000000084 /* EarnedValueView.swift */,
			);
			path = EarnedValue;
			sourceTree = "<group>";
		};
		A50000010000000000000082 /* Workload */ = {
			isa = PBXGroup;
			children = (
				A20000010000000000000085 /* WorkloadView.swift */,
			);
			path = Workload;
			sourceTree = "<group>";
		};
		A50000010000000000000090 /* Timeline */ = {
			isa = PBXGroup;
			children = (
				A20000010000000000000094 /* TimelineView.swift */,
			);
			path = Timeline;
			sourceTree = "<group>";
		};
		A50000010000000000000091 /* Diff */ = {
			isa = PBXGroup;
			children = (
				A20000010000000000000095 /* DiffView.swift */,
			);
			path = Diff;
			sourceTree = "<group>";
		};
		A50000010000000000000099 /* Products */ = {
			isa = PBXGroup;
			children = (
				A30000010000000000000001 /* MPPViewer.app */,
				9680CC5B2F56E91C0029B946 /* MPPConverterXPC.xpc */,
			);
			name = Products;
			sourceTree = "<group>";
		};
/* End PBXGroup section */

/* Begin PBXNativeTarget section */
		9680CC5A2F56E91C0029B946 /* MPPConverterXPC */ = {
			isa = PBXNativeTarget;
			buildConfigurationList = 9680CC6B2F56E91C0029B946 /* Build configuration list for PBXNativeTarget "MPPConverterXPC" */;
			buildPhases = (
				9680CC572F56E91C0029B946 /* Sources */,
				9680CC582F56E91C0029B946 /* Frameworks */,
				9680CC592F56E91C0029B946 /* Resources */,
			);
			buildRules = (
			);
			dependencies = (
			);
			fileSystemSynchronizedGroups = (
				9680CC5C2F56E91C0029B946 /* MPPConverterXPC */,
			);
			name = MPPConverterXPC;
			packageProductDependencies = (
			);
			productName = MPPConverterXPC;
			productReference = 9680CC5B2F56E91C0029B946 /* MPPConverterXPC.xpc */;
			productType = "com.apple.product-type.xpc-service";
		};
		A60000010000000000000001 /* MPPViewer */ = {
			isa = PBXNativeTarget;
			buildConfigurationList = A80000010000000000000003 /* Build configuration list for PBXNativeTarget "MPPViewer" */;
			buildPhases = (
				A70000010000000000000001 /* Sources */,
				A40000010000000000000001 /* Frameworks */,
				A70000010000000000000002 /* Resources */,
				9680CC672F56E91C0029B946 /* Embed XPC Services */,
			);
			buildRules = (
			);
			dependencies = (
				9680CC652F56E91C0029B946 /* PBXTargetDependency */,
			);
			name = MPPViewer;
			productName = MPPViewer;
			productReference = A30000010000000000000001 /* MPPViewer.app */;
			productType = "com.apple.product-type.application";
		};
/* End PBXNativeTarget section */

/* Begin PBXProject section */
		A90000010000000000000001 /* Project object */ = {
			isa = PBXProject;
			attributes = {
				BuildIndependentTargetsInParallel = 1;
				LastSwiftUpdateCheck = 2630;
				LastUpgradeCheck = 1540;
				TargetAttributes = {
					9680CC5A2F56E91C0029B946 = {
						CreatedOnToolsVersion = 26.3;
					};
					A60000010000000000000001 = {
						CreatedOnToolsVersion = 15.4;
					};
				};
			};
			buildConfigurationList = A80000010000000000000001 /* Build configuration list for PBXProject "MPPViewer" */;
			compatibilityVersion = "Xcode 14.0";
			developmentRegion = en;
			hasScannedForEncodings = 0;
			knownRegions = (
				en,
				Base,
			);
			mainGroup = A50000010000000000000001;
			productRefGroup = A50000010000000000000099 /* Products */;
			projectDirPath = "";
			projectRoot = "";
			targets = (
				A60000010000000000000001 /* MPPViewer */,
				9680CC5A2F56E91C0029B946 /* MPPConverterXPC */,
			);
		};
/* End PBXProject section */

/* Begin PBXResourcesBuildPhase section */
		9680CC592F56E91C0029B946 /* Resources */ = {
			isa = PBXResourcesBuildPhase;
			buildActionMask = 2147483647;
			files = (
			);
			runOnlyForDeploymentPostprocessing = 0;
		};
		A70000010000000000000002 /* Resources */ = {
			isa = PBXResourcesBuildPhase;
			buildActionMask = 2147483647;
			files = (
				A10000010000000000000021 /* Assets.xcassets in Resources */,
			);
			runOnlyForDeploymentPostprocessing = 0;
		};
/* End PBXResourcesBuildPhase section */

/* Begin PBXSourcesBuildPhase section */
		9680CC572F56E91C0029B946 /* Sources */ = {
			isa = PBXSourcesBuildPhase;
			buildActionMask = 2147483647;
			files = (
			);
			runOnlyForDeploymentPostprocessing = 0;
		};
		A70000010000000000000001 /* Sources */ = {
			isa = PBXSourcesBuildPhase;
			buildActionMask = 2147483647;
			files = (
				A10000010000000000000001 /* MPPViewerApp.swift in Sources */,
				A10000010000000000000002 /* MPPDocument.swift in Sources */,
				A10000010000000000000003 /* ContentView.swift in Sources */,
				A10000010000000000000004 /* ProjectModel.swift in Sources */,
				A10000010000000000000005 /* ProjectStore.swift in Sources */,
				A10000010000000000000006 /* MPPConverterService.swift in Sources */,
				A10000010000000000000007 /* JSONProjectParser.swift in Sources */,
				A10000010000000000000008 /* SidebarView.swift in Sources */,
				A10000010000000000000009 /* ProjectSummaryView.swift in Sources */,
				A10000010000000000000010 /* TaskTableView.swift in Sources */,
				A10000010000000000000060 /* TaskDetailView.swift in Sources */,
				A10000010000000000000011 /* GanttChartView.swift in Sources */,
				A10000010000000000000012 /* GanttBarView.swift in Sources */,
				A10000010000000000000013 /* GanttHeaderView.swift in Sources */,
				A10000010000000000000014 /* GanttDependencyView.swift in Sources */,
				A10000010000000000000015 /* ResourceSheetView.swift in Sources */,
				A10000010000000000000016 /* CalendarView.swift in Sources */,
				A10000010000000000000017 /* DateFormatting.swift in Sources */,
				A10000010000000000000018 /* DurationFormatting.swift in Sources */,
				A10000010000000000000019 /* ColorTheme.swift in Sources */,
				A10000010000000000000070 /* PDFExporter.swift in Sources */,
				A10000010000000000000020 /* ScheduleView.swift in Sources */,
				A10000010000000000000030 /* MilestonesView.swift in Sources */,
				A10000010000000000000050 /* DashboardView.swift in Sources */,
				A10000010000000000000040 /* MPPConverterProtocol.swift in Sources */,
				A10000010000000000000080 /* TaskFilter.swift in Sources */,
				A10000010000000000000081 /* EVMCalculator.swift in Sources */,
				A10000010000000000000082 /* WorkloadCalculator.swift in Sources */,
				A10000010000000000000083 /* FilterBarView.swift in Sources */,
				A10000010000000000000084 /* EarnedValueView.swift in Sources */,
				A10000010000000000000085 /* WorkloadView.swift in Sources */,
				A10000010000000000000090 /* CSVExporter.swift in Sources */,
				A10000010000000000000091 /* AnyCodable.swift in Sources */,
				A10000010000000000000092 /* PrintManager.swift in Sources */,
				A10000010000000000000093 /* ProjectDiff.swift in Sources */,
				A10000010000000000000094 /* TimelineView.swift in Sources */,
				A10000010000000000000095 /* DiffView.swift in Sources */,
			);
			runOnlyForDeploymentPostprocessing = 0;
		};
/* End PBXSourcesBuildPhase section */

/* Begin PBXTargetDependency section */
		9680CC652F56E91C0029B946 /* PBXTargetDependency */ = {
			isa = PBXTargetDependency;
			target = 9680CC5A2F56E91C0029B946 /* MPPConverterXPC */;
			targetProxy = 9680CC642F56E91C0029B946 /* PBXContainerItemProxy */;
		};
/* End PBXTargetDependency section */

/* Begin XCBuildConfiguration section */
		9680CC682F56E91C0029B946 /* Debug */ = {
			isa = XCBuildConfiguration;
			buildSettings = {
				CODE_SIGN_STYLE = Automatic;
				COMBINE_HIDPI_IMAGES = YES;
				CURRENT_PROJECT_VERSION = 2;
				DEVELOPMENT_TEAM = "";
				ENABLE_APP_SANDBOX = YES;
				GENERATE_INFOPLIST_FILE = YES;
				INFOPLIST_FILE = MPPConverterXPC/Info.plist;
				INFOPLIST_KEY_CFBundleDisplayName = MPPConverterXPC;
				INFOPLIST_KEY_NSHumanReadableCopyright = "";
				LOCALIZATION_PREFERS_STRING_CATALOGS = YES;
				MACOSX_DEPLOYMENT_TARGET = 26.2;
				MARKETING_VERSION = 2.2.5;
				PRODUCT_BUNDLE_IDENTIFIER = com.mppviewer.MPPConverterXPC;
				PRODUCT_NAME = "$(TARGET_NAME)";
				REGISTER_APP_GROUPS = YES;
				SKIP_INSTALL = YES;
				STRING_CATALOG_GENERATE_SYMBOLS = YES;
				SWIFT_APPROACHABLE_CONCURRENCY = YES;
				SWIFT_EMIT_LOC_STRINGS = YES;
				SWIFT_UPCOMING_FEATURE_MEMBER_IMPORT_VISIBILITY = YES;
				SWIFT_VERSION = 5.0;
			};
			name = Debug;
		};
		9680CC692F56E91C0029B946 /* Release */ = {
			isa = XCBuildConfiguration;
			buildSettings = {
				CODE_SIGN_STYLE = Automatic;
				COMBINE_HIDPI_IMAGES = YES;
				CURRENT_PROJECT_VERSION = 2;
				DEVELOPMENT_TEAM = "";
				ENABLE_APP_SANDBOX = YES;
				GENERATE_INFOPLIST_FILE = YES;
				INFOPLIST_FILE = MPPConverterXPC/Info.plist;
				INFOPLIST_KEY_CFBundleDisplayName = MPPConverterXPC;
				INFOPLIST_KEY_NSHumanReadableCopyright = "";
				LOCALIZATION_PREFERS_STRING_CATALOGS = YES;
				MACOSX_DEPLOYMENT_TARGET = 26.2;
				MARKETING_VERSION = 2.2.5;
				PRODUCT_BUNDLE_IDENTIFIER = com.mppviewer.MPPConverterXPC;
				PRODUCT_NAME = "$(TARGET_NAME)";
				REGISTER_APP_GROUPS = YES;
				SKIP_INSTALL = YES;
				STRING_CATALOG_GENERATE_SYMBOLS = YES;
				SWIFT_APPROACHABLE_CONCURRENCY = YES;
				SWIFT_EMIT_LOC_STRINGS = YES;
				SWIFT_UPCOMING_FEATURE_MEMBER_IMPORT_VISIBILITY = YES;
				SWIFT_VERSION = 5.0;
			};
			name = Release;
		};
		A80000010000000000000010 /* Debug */ = {
			isa = XCBuildConfiguration;
			buildSettings = {
				ALWAYS_SEARCH_USER_PATHS = NO;
				ASSETCATALOG_COMPILER_GENERATE_SWIFT_ASSET_SYMBOL_EXTENSIONS = YES;
				CLANG_ANALYZER_NONNULL = YES;
				CLANG_ANALYZER_NUMBER_OBJECT_CONVERSION = YES_AGGRESSIVE;
				CLANG_CXX_LANGUAGE_STANDARD = "gnu++20";
				CLANG_ENABLE_MODULES = YES;
				CLANG_ENABLE_OBJC_ARC = YES;
				CLANG_ENABLE_OBJC_WEAK = YES;
				CLANG_WARN_BLOCK_CAPTURE_AUTORELEASING = YES;
				CLANG_WARN_BOOL_CONVERSION = YES;
				CLANG_WARN_COMMA = YES;
				CLANG_WARN_CONSTANT_CONVERSION = YES;
				CLANG_WARN_DEPRECATED_OBJC_IMPLEMENTATIONS = YES;
				CLANG_WARN_DIRECT_OBJC_ISA_USAGE = YES_ERROR;
				CLANG_WARN_DOCUMENTATION_COMMENTS = YES;
				CLANG_WARN_EMPTY_BODY = YES;
				CLANG_WARN_ENUM_CONVERSION = YES;
				CLANG_WARN_INFINITE_RECURSION = YES;
				CLANG_WARN_INT_CONVERSION = YES;
				CLANG_WARN_NON_LITERAL_NULL_CONVERSION = YES;
				CLANG_WARN_OBJC_IMPLICIT_RETAIN_SELF = YES;
				CLANG_WARN_OBJC_LITERAL_CONVERSION = YES;
				CLANG_WARN_OBJC_ROOT_CLASS = YES_ERROR;
				CLANG_WARN_QUOTED_INCLUDE_IN_FRAMEWORK_HEADER = YES;
				CLANG_WARN_RANGE_LOOP_ANALYSIS = YES;
				CLANG_WARN_STRICT_PROTOTYPES = YES;
				CLANG_WARN_SUSPICIOUS_MOVE = YES;
				CLANG_WARN_UNGUARDED_AVAILABILITY = YES_AGGRESSIVE;
				CLANG_WARN_UNREACHABLE_CODE = YES;
				CLANG_WARN__DUPLICATE_METHOD_MATCH = YES;
				COPY_PHASE_STRIP = NO;
				DEBUG_INFORMATION_FORMAT = dwarf;
				ENABLE_STRICT_OBJC_MSGSEND = YES;
				ENABLE_TESTABILITY = YES;
				ENABLE_USER_SCRIPT_SANDBOXING = YES;
				GCC_C_LANGUAGE_STANDARD = gnu17;
				GCC_DYNAMIC_NO_PIC = NO;
				GCC_NO_COMMON_BLOCKS = YES;
				GCC_OPTIMIZATION_LEVEL = 0;
				GCC_PREPROCESSOR_DEFINITIONS = (
					"DEBUG=1",
					"$(inherited)",
				);
				GCC_WARN_64_TO_32_BIT_CONVERSION = YES;
				GCC_WARN_ABOUT_RETURN_TYPE = YES_ERROR;
				GCC_WARN_UNDECLARED_SELECTOR = YES;
				GCC_WARN_UNINITIALIZED_AUTOS = YES_AGGRESSIVE;
				GCC_WARN_UNUSED_FUNCTION = YES;
				GCC_WARN_UNUSED_VARIABLE = YES;
				MACOSX_DEPLOYMENT_TARGET = 14.0;
				MTL_ENABLE_DEBUG_INFO = INCLUDE_SOURCE;
				MTL_FAST_MATH = YES;
				ONLY_ACTIVE_ARCH = YES;
				SDKROOT = macosx;
				SWIFT_ACTIVE_COMPILATION_CONDITIONS = "DEBUG $(inherited)";
				SWIFT_OPTIMIZATION_LEVEL = "-Onone";
			};
			name = Debug;
		};
		A80000010000000000000011 /* Release */ = {
			isa = XCBuildConfiguration;
			buildSettings = {
				ALWAYS_SEARCH_USER_PATHS = NO;
				ASSETCATALOG_COMPILER_GENERATE_SWIFT_ASSET_SYMBOL_EXTENSIONS = YES;
				CLANG_ANALYZER_NONNULL = YES;
				CLANG_ANALYZER_NUMBER_OBJECT_CONVERSION = YES_AGGRESSIVE;
				CLANG_CXX_LANGUAGE_STANDARD = "gnu++20";
				CLANG_ENABLE_MODULES = YES;
				CLANG_ENABLE_OBJC_ARC = YES;
				CLANG_ENABLE_OBJC_WEAK = YES;
				CLANG_WARN_BLOCK_CAPTURE_AUTORELEASING = YES;
				CLANG_WARN_BOOL_CONVERSION = YES;
				CLANG_WARN_COMMA = YES;
				CLANG_WARN_CONSTANT_CONVERSION = YES;
				CLANG_WARN_DEPRECATED_OBJC_IMPLEMENTATIONS = YES;
				CLANG_WARN_DIRECT_OBJC_ISA_USAGE = YES_ERROR;
				CLANG_WARN_DOCUMENTATION_COMMENTS = YES;
				CLANG_WARN_EMPTY_BODY = YES;
				CLANG_WARN_ENUM_CONVERSION = YES;
				CLANG_WARN_INFINITE_RECURSION = YES;
				CLANG_WARN_INT_CONVERSION = YES;
				CLANG_WARN_NON_LITERAL_NULL_CONVERSION = YES;
				CLANG_WARN_OBJC_IMPLICIT_RETAIN_SELF = YES;
				CLANG_WARN_OBJC_LITERAL_CONVERSION = YES;
				CLANG_WARN_OBJC_ROOT_CLASS = YES_ERROR;
				CLANG_WARN_QUOTED_INCLUDE_IN_FRAMEWORK_HEADER = YES;
				CLANG_WARN_RANGE_LOOP_ANALYSIS = YES;
				CLANG_WARN_STRICT_PROTOTYPES = YES;
				CLANG_WARN_SUSPICIOUS_MOVE = YES;
				CLANG_WARN_UNGUARDED_AVAILABILITY = YES_AGGRESSIVE;
				CLANG_WARN_UNREACHABLE_CODE = YES;
				CLANG_WARN__DUPLICATE_METHOD_MATCH = YES;
				COPY_PHASE_STRIP = NO;
				DEBUG_INFORMATION_FORMAT = "dwarf-with-dsym";
				ENABLE_NS_ASSERTIONS = NO;
				ENABLE_STRICT_OBJC_MSGSEND = YES;
				ENABLE_USER_SCRIPT_SANDBOXING = YES;
				GCC_C_LANGUAGE_STANDARD = gnu17;
				GCC_NO_COMMON_BLOCKS = YES;
				GCC_WARN_64_TO_32_BIT_CONVERSION = YES;
				GCC_WARN_ABOUT_RETURN_TYPE = YES_ERROR;
				GCC_WARN_UNDECLARED_SELECTOR = YES;
				GCC_WARN_UNINITIALIZED_AUTOS = YES_AGGRESSIVE;
				GCC_WARN_UNUSED_FUNCTION = YES;
				GCC_WARN_UNUSED_VARIABLE = YES;
				MACOSX_DEPLOYMENT_TARGET = 14.0;
				MTL_ENABLE_DEBUG_INFO = NO;
				MTL_FAST_MATH = YES;
				SDKROOT = macosx;
				SWIFT_COMPILATION_MODE = wholemodule;
			};
			name = Release;
		};
		A80000010000000000000020 /* Debug */ = {
			isa = XCBuildConfiguration;
			buildSettings = {
				ASSETCATALOG_COMPILER_APPICON_NAME = AppIcon;
				ASSETCATALOG_COMPILER_GLOBAL_ACCENT_COLOR_NAME = AccentColor;
				CODE_SIGN_ENTITLEMENTS = MPPViewer/MPPViewer.entitlements;
				CODE_SIGN_STYLE = Automatic;
				COMBINE_HIDPI_IMAGES = YES;
				CURRENT_PROJECT_VERSION = 2;
				DEVELOPMENT_TEAM = "";
				ENABLE_HARDENED_RUNTIME = YES;
				GENERATE_INFOPLIST_FILE = YES;
				INFOPLIST_FILE = MPPViewer/Info.plist;
				INFOPLIST_KEY_CFBundleDisplayName = "MPP Viewer";
				INFOPLIST_KEY_LSApplicationCategoryType = "public.app-category.productivity";
				INFOPLIST_KEY_NSHumanReadableCopyright = "";
				LD_RUNPATH_SEARCH_PATHS = (
					"$(inherited)",
					"@executable_path/../Frameworks",
				);
				MARKETING_VERSION = 2.2.5;
				PRODUCT_BUNDLE_IDENTIFIER = com.mppviewer.MPPViewer;
				PRODUCT_NAME = "$(TARGET_NAME)";
				SWIFT_EMIT_LOC_STRINGS = YES;
				SWIFT_VERSION = 5.0;
			};
			name = Debug;
		};
		A80000010000000000000021 /* Release */ = {
			isa = XCBuildConfiguration;
			buildSettings = {
				ASSETCATALOG_COMPILER_APPICON_NAME = AppIcon;
				ASSETCATALOG_COMPILER_GLOBAL_ACCENT_COLOR_NAME = AccentColor;
				CODE_SIGN_ENTITLEMENTS = MPPViewer/MPPViewer.entitlements;
				CODE_SIGN_STYLE = Automatic;
				COMBINE_HIDPI_IMAGES = YES;
				CURRENT_PROJECT_VERSION = 2;
				DEVELOPMENT_TEAM = "";
				ENABLE_HARDENED_RUNTIME = YES;
				GENERATE_INFOPLIST_FILE = YES;
				INFOPLIST_FILE = MPPViewer/Info.plist;
				INFOPLIST_KEY_CFBundleDisplayName = "MPP Viewer";
				INFOPLIST_KEY_LSApplicationCategoryType = "public.app-category.productivity";
				INFOPLIST_KEY_NSHumanReadableCopyright = "";
				LD_RUNPATH_SEARCH_PATHS = (
					"$(inherited)",
					"@executable_path/../Frameworks",
				);
				MARKETING_VERSION = 2.2.5;
				PRODUCT_BUNDLE_IDENTIFIER = com.mppviewer.MPPViewer;
				PRODUCT_NAME = "$(TARGET_NAME)";
				SWIFT_EMIT_LOC_STRINGS = YES;
				SWIFT_VERSION = 5.0;
			};
			name = Release;
		};
/* End XCBuildConfiguration section */

/* Begin XCConfigurationList section */
		9680CC6B2F56E91C0029B946 /* Build configuration list for PBXNativeTarget "MPPConverterXPC" */ = {
			isa = XCConfigurationList;
			buildConfigurations = (
				9680CC682F56E91C0029B946 /* Debug */,
				9680CC692F56E91C0029B946 /* Release */,
			);
			defaultConfigurationIsVisible = 0;
			defaultConfigurationName = Release;
		};
		A80000010000000000000001 /* Build configuration list for PBXProject "MPPViewer" */ = {
			isa = XCConfigurationList;
			buildConfigurations = (
				A80000010000000000000010 /* Debug */,
				A80000010000000000000011 /* Release */,
			);
			defaultConfigurationIsVisible = 0;
			defaultConfigurationName = Release;
		};
		A80000010000000000000003 /* Build configuration list for PBXNativeTarget "MPPViewer" */ = {
			isa = XCConfigurationList;
			buildConfigurations = (
				A80000010000000000000020 /* Debug */,
				A80000010000000000000021 /* Release */,
			);
			defaultConfigurationIsVisible = 0;
			defaultConfigurationName = Release;
		};
/* End XCConfigurationList section */
	};
	rootObject = A90000010000000000000001 /* Project object */;
}
