// !$*UTF8*$!
{
	archiveVersion = 1;
	classes = {
	};
	objectVersion = 56;
	objects = {

/* Begin PBXBuildFile section */
		A10000010000000000000001 /* MPPViewerApp.swift in Sources */ = {isa = PBXBuildFile; fileRef = A20000010000000000000001; };
		A10000010000000000000002 /* MPPDocument.swift in Sources */ = {isa = PBXBuildFile; fileRef = A20000010000000000000002; };
		A10000010000000000000003 /* ContentView.swift in Sources */ = {isa = PBXBuildFile; fileRef = A20000010000000000000003; };
		A10000010000000000000004 /* ProjectModel.swift in Sources */ = {isa = PBXBuildFile; fileRef = A20000010000000000000004; };
		A10000010000000000000005 /* ProjectStore.swift in Sources */ = {isa = PBXBuildFile; fileRef = A20000010000000000000005; };
		A10000010000000000000006 /* MPPConverterService.swift in Sources */ = {isa = PBXBuildFile; fileRef = A20000010000000000000006; };
		A10000010000000000000007 /* JSONProjectParser.swift in Sources */ = {isa = PBXBuildFile; fileRef = A20000010000000000000007; };
		A10000010000000000000008 /* SidebarView.swift in Sources */ = {isa = PBXBuildFile; fileRef = A20000010000000000000008; };
		A10000010000000000000009 /* ProjectSummaryView.swift in Sources */ = {isa = PBXBuildFile; fileRef = A20000010000000000000009; };
		A10000010000000000000010 /* TaskTableView.swift in Sources */ = {isa = PBXBuildFile; fileRef = A20000010000000000000010; };
		A10000010000000000000011 /* GanttChartView.swift in Sources */ = {isa = PBXBuildFile; fileRef = A20000010000000000000011; };
		A10000010000000000000012 /* GanttBarView.swift in Sources */ = {isa = PBXBuildFile; fileRef = A20000010000000000000012; };
		A10000010000000000000013 /* GanttHeaderView.swift in Sources */ = {isa = PBXBuildFile; fileRef = A20000010000000000000013; };
		A10000010000000000000014 /* GanttDependencyView.swift in Sources */ = {isa = PBXBuildFile; fileRef = A20000010000000000000014; };
		A10000010000000000000015 /* ResourceSheetView.swift in Sources */ = {isa = PBXBuildFile; fileRef = A20000010000000000000015; };
		A10000010000000000000016 /* CalendarView.swift in Sources */ = {isa = PBXBuildFile; fileRef = A20000010000000000000016; };
		A10000010000000000000017 /* DateFormatting.swift in Sources */ = {isa = PBXBuildFile; fileRef = A20000010000000000000017; };
		A10000010000000000000018 /* DurationFormatting.swift in Sources */ = {isa = PBXBuildFile; fileRef = A20000010000000000000018; };
		A10000010000000000000019 /* ColorTheme.swift in Sources */ = {isa = PBXBuildFile; fileRef = A20000010000000000000019; };
		A10000010000000000000020 /* ScheduleView.swift in Sources */ = {isa = PBXBuildFile; fileRef = A20000010000000000000022; };
/* End PBXBuildFile section */

/* Begin PBXFileReference section */
		A20000010000000000000001 /* MPPViewerApp.swift */ = {isa = PBXFileReference; lastKnownFileType = sourcecode.swift; path = MPPViewerApp.swift; sourceTree = "<group>"; };
		A20000010000000000000002 /* MPPDocument.swift */ = {isa = PBXFileReference; lastKnownFileType = sourcecode.swift; path = MPPDocument.swift; sourceTree = "<group>"; };
		A20000010000000000000003 /* ContentView.swift */ = {isa = PBXFileReference; lastKnownFileType = sourcecode.swift; path = ContentView.swift; sourceTree = "<group>"; };
		A20000010000000000000004 /* ProjectModel.swift */ = {isa = PBXFileReference; lastKnownFileType = sourcecode.swift; path = ProjectModel.swift; sourceTree = "<group>"; };
		A20000010000000000000005 /* ProjectStore.swift */ = {isa = PBXFileReference; lastKnownFileType = sourcecode.swift; path = ProjectStore.swift; sourceTree = "<group>"; };
		A20000010000000000000006 /* MPPConverterService.swift */ = {isa = PBXFileReference; lastKnownFileType = sourcecode.swift; path = MPPConverterService.swift; sourceTree = "<group>"; };
		A20000010000000000000007 /* JSONProjectParser.swift */ = {isa = PBXFileReference; lastKnownFileType = sourcecode.swift; path = JSONProjectParser.swift; sourceTree = "<group>"; };
		A20000010000000000000008 /* SidebarView.swift */ = {isa = PBXFileReference; lastKnownFileType = sourcecode.swift; path = SidebarView.swift; sourceTree = "<group>"; };
		A20000010000000000000009 /* ProjectSummaryView.swift */ = {isa = PBXFileReference; lastKnownFileType = sourcecode.swift; path = ProjectSummaryView.swift; sourceTree = "<group>"; };
		A20000010000000000000010 /* TaskTableView.swift */ = {isa = PBXFileReference; lastKnownFileType = sourcecode.swift; path = TaskTableView.swift; sourceTree = "<group>"; };
		A20000010000000000000011 /* GanttChartView.swift */ = {isa = PBXFileReference; lastKnownFileType = sourcecode.swift; path = GanttChartView.swift; sourceTree = "<group>"; };
		A20000010000000000000012 /* GanttBarView.swift */ = {isa = PBXFileReference; lastKnownFileType = sourcecode.swift; path = GanttBarView.swift; sourceTree = "<group>"; };
		A20000010000000000000013 /* GanttHeaderView.swift */ = {isa = PBXFileReference; lastKnownFileType = sourcecode.swift; path = GanttHeaderView.swift; sourceTree = "<group>"; };
		A20000010000000000000014 /* GanttDependencyView.swift */ = {isa = PBXFileReference; lastKnownFileType = sourcecode.swift; path = GanttDependencyView.swift; sourceTree = "<group>"; };
		A20000010000000000000015 /* ResourceSheetView.swift */ = {isa = PBXFileReference; lastKnownFileType = sourcecode.swift; path = ResourceSheetView.swift; sourceTree = "<group>"; };
		A20000010000000000000016 /* CalendarView.swift */ = {isa = PBXFileReference; lastKnownFileType = sourcecode.swift; path = CalendarView.swift; sourceTree = "<group>"; };
		A20000010000000000000017 /* DateFormatting.swift */ = {isa = PBXFileReference; lastKnownFileType = sourcecode.swift; path = DateFormatting.swift; sourceTree = "<group>"; };
		A20000010000000000000018 /* DurationFormatting.swift */ = {isa = PBXFileReference; lastKnownFileType = sourcecode.swift; path = DurationFormatting.swift; sourceTree = "<group>"; };
		A20000010000000000000019 /* ColorTheme.swift */ = {isa = PBXFileReference; lastKnownFileType = sourcecode.swift; path = ColorTheme.swift; sourceTree = "<group>"; };
		A20000010000000000000022 /* ScheduleView.swift */ = {isa = PBXFileReference; lastKnownFileType = sourcecode.swift; path = ScheduleView.swift; sourceTree = "<group>"; };
		A20000010000000000000020 /* Info.plist */ = {isa = PBXFileReference; lastKnownFileType = text.plist.xml; path = Info.plist; sourceTree = "<group>"; };
		A20000010000000000000021 /* MPPViewer.entitlements */ = {isa = PBXFileReference; lastKnownFileType = text.plist.entitlements; path = MPPViewer.entitlements; sourceTree = "<group>"; };
		A30000010000000000000001 /* MPPViewer.app */ = {isa = PBXFileReference; explicitFileType = wrapper.application; includeInIndex = 0; path = MPPViewer.app; sourceTree = BUILT_PRODUCTS_DIR; };
/* End PBXFileReference section */

/* Begin PBXFrameworksBuildPhase section */
		A40000010000000000000001 /* Frameworks */ = {
			isa = PBXFrameworksBuildPhase;
			buildActionMask = 2147483647;
			files = (
			);
			runOnlyForDeploymentPostprocessing = 0;
		};
/* End PBXFrameworksBuildPhase section */

/* Begin PBXGroup section */
		A50000010000000000000001 /* Root */ = {
			isa = PBXGroup;
			children = (
				A50000010000000000000002 /* MPPViewer */,
				A50000010000000000000099 /* Products */,
			);
			sourceTree = "<group>";
		};
		A50000010000000000000099 /* Products */ = {
			isa = PBXGroup;
			children = (
				A30000010000000000000001 /* MPPViewer.app */,
			);
			name = Products;
			sourceTree = "<group>";
		};
		A50000010000000000000002 /* MPPViewer */ = {
			isa = PBXGroup;
			children = (
				A20000010000000000000020 /* Info.plist */,
				A20000010000000000000021 /* MPPViewer.entitlements */,
				A50000010000000000000003 /* App */,
				A50000010000000000000004 /* Models */,
				A50000010000000000000005 /* Services */,
				A50000010000000000000006 /* Views */,
				A50000010000000000000010 /* Utilities */,
			);
			path = MPPViewer;
			sourceTree = "<group>";
		};
		A50000010000000000000003 /* App */ = {
			isa = PBXGroup;
			children = (
				A20000010000000000000001 /* MPPViewerApp.swift */,
				A20000010000000000000002 /* MPPDocument.swift */,
				A20000010000000000000003 /* ContentView.swift */,
			);
			path = App;
			sourceTree = "<group>";
		};
		A50000010000000000000004 /* Models */ = {
			isa = PBXGroup;
			children = (
				A20000010000000000000004 /* ProjectModel.swift */,
				A20000010000000000000005 /* ProjectStore.swift */,
			);
			path = Models;
			sourceTree = "<group>";
		};
		A50000010000000000000005 /* Services */ = {
			isa = PBXGroup;
			children = (
				A20000010000000000000006 /* MPPConverterService.swift */,
				A20000010000000000000007 /* JSONProjectParser.swift */,
			);
			path = Services;
			sourceTree = "<group>";
		};
		A50000010000000000000006 /* Views */ = {
			isa = PBXGroup;
			children = (
				A50000010000000000000007 /* Sidebar */,
				A50000010000000000000008 /* Summary */,
				A50000010000000000000009 /* Tasks */,
				A50000010000000000000011 /* Gantt */,
				A50000010000000000000012 /* Resources */,
				A50000010000000000000013 /* Calendar */,
				A50000010000000000000014 /* Schedule */,
			);
			path = Views;
			sourceTree = "<group>";
		};
		A50000010000000000000007 /* Sidebar */ = {
			isa = PBXGroup;
			children = (
				A20000010000000000000008 /* SidebarView.swift */,
			);
			path = Sidebar;
			sourceTree = "<group>";
		};
		A50000010000000000000008 /* Summary */ = {
			isa = PBXGroup;
			children = (
				A20000010000000000000009 /* ProjectSummaryView.swift */,
			);
			path = Summary;
			sourceTree = "<group>";
		};
		A50000010000000000000009 /* Tasks */ = {
			isa = PBXGroup;
			children = (
				A20000010000000000000010 /* TaskTableView.swift */,
			);
			path = Tasks;
			sourceTree = "<group>";
		};
		A50000010000000000000010 /* Utilities */ = {
			isa = PBXGroup;
			children = (
				A20000010000000000000017 /* DateFormatting.swift */,
				A20000010000000000000018 /* DurationFormatting.swift */,
				A20000010000000000000019 /* ColorTheme.swift */,
			);
			path = Utilities;
			sourceTree = "<group>";
		};
		A50000010000000000000011 /* Gantt */ = {
			isa = PBXGroup;
			children = (
				A20000010000000000000011 /* GanttChartView.swift */,
				A20000010000000000000012 /* GanttBarView.swift */,
				A20000010000000000000013 /* GanttHeaderView.swift */,
				A20000010000000000000014 /* GanttDependencyView.swift */,
			);
			path = Gantt;
			sourceTree = "<group>";
		};
		A50000010000000000000012 /* Resources */ = {
			isa = PBXGroup;
			children = (
				A20000010000000000000015 /* ResourceSheetView.swift */,
			);
			path = Resources;
			sourceTree = "<group>";
		};
		A50000010000000000000013 /* Calendar */ = {
			isa = PBXGroup;
			children = (
				A20000010000000000000016 /* CalendarView.swift */,
			);
			path = Calendar;
			sourceTree = "<group>";
		};
		A50000010000000000000014 /* Schedule */ = {
			isa = PBXGroup;
			children = (
				A20000010000000000000022 /* ScheduleView.swift */,
			);
			path = Schedule;
			sourceTree = "<group>";
		};
/* End PBXGroup section */

/* Begin PBXNativeTarget section */
		A60000010000000000000001 /* MPPViewer */ = {
			isa = PBXNativeTarget;
			buildConfigurationList = A80000010000000000000003 /* Build configuration list for PBXNativeTarget "MPPViewer" */;
			buildPhases = (
				A70000010000000000000001 /* Sources */,
				A40000010000000000000001 /* Frameworks */,
				A70000010000000000000002 /* Resources */,
			);
			buildRules = (
			);
			dependencies = (
			);
			name = MPPViewer;
			productName = MPPViewer;
			productReference = A30000010000000000000001 /* MPPViewer.app */;
			productType = "com.apple.product-type.application";
		};
/* End PBXNativeTarget section */

/* Begin PBXProject section */
		A90000010000000000000001 /* Project object */ = {
			isa = PBXProject;
			attributes = {
				BuildIndependentTargetsInParallel = 1;
				LastSwiftUpdateCheck = 1540;
				LastUpgradeCheck = 1540;
				TargetAttributes = {
					A60000010000000000000001 = {
						CreatedOnToolsVersion = 15.4;
					};
				};
			};
			buildConfigurationList = A80000010000000000000001 /* Build configuration list for PBXProject "MPPViewer" */;
			compatibilityVersion = "Xcode 14.0";
			developmentRegion = en;
			hasScannedForEncodings = 0;
			knownRegions = (
				en,
				Base,
			);
			mainGroup = A50000010000000000000001;
			productRefGroup = A50000010000000000000099 /* Products */;
			projectDirPath = "";
			projectRoot = "";
			targets = (
				A60000010000000000000001 /* MPPViewer */,
			);
		};
/* End PBXProject section */

/* Begin PBXResourcesBuildPhase section */
		A70000010000000000000002 /* Resources */ = {
			isa = PBXResourcesBuildPhase;
			buildActionMask = 2147483647;
			files = (
			);
			runOnlyForDeploymentPostprocessing = 0;
		};
/* End PBXResourcesBuildPhase section */

/* Begin PBXSourcesBuildPhase section */
		A70000010000000000000001 /* Sources */ = {
			isa = PBXSourcesBuildPhase;
			buildActionMask = 2147483647;
			files = (
				A10000010000000000000001 /* MPPViewerApp.swift in Sources */,
				A10000010000000000000002 /* MPPDocument.swift in Sources */,
				A10000010000000000000003 /* ContentView.swift in Sources */,
				A10000010000000000000004 /* ProjectModel.swift in Sources */,
				A10000010000000000000005 /* ProjectStore.swift in Sources */,
				A10000010000000000000006 /* MPPConverterService.swift in Sources */,
				A10000010000000000000007 /* JSONProjectParser.swift in Sources */,
				A10000010000000000000008 /* SidebarView.swift in Sources */,
				A10000010000000000000009 /* ProjectSummaryView.swift in Sources */,
				A10000010000000000000010 /* TaskTableView.swift in Sources */,
				A10000010000000000000011 /* GanttChartView.swift in Sources */,
				A10000010000000000000012 /* GanttBarView.swift in Sources */,
				A10000010000000000000013 /* GanttHeaderView.swift in Sources */,
				A10000010000000000000014 /* GanttDependencyView.swift in Sources */,
				A10000010000000000000015 /* ResourceSheetView.swift in Sources */,
				A10000010000000000000016 /* CalendarView.swift in Sources */,
				A10000010000000000000017 /* DateFormatting.swift in Sources */,
				A10000010000000000000018 /* DurationFormatting.swift in Sources */,
				A10000010000000000000019 /* ColorTheme.swift in Sources */,
				A10000010000000000000020 /* ScheduleView.swift in Sources */,
			);
			runOnlyForDeploymentPostprocessing = 0;
		};
/* End PBXSourcesBuildPhase section */

/* Begin XCBuildConfiguration section */
		A80000010000000000000010 /* Debug */ = {
			isa = XCBuildConfiguration;
			buildSettings = {
				ALWAYS_SEARCH_USER_PATHS = NO;
				ASSETCATALOG_COMPILER_GENERATE_SWIFT_ASSET_SYMBOL_EXTENSIONS = YES;
				CLANG_ANALYZER_NONNULL = YES;
				CLANG_ANALYZER_NUMBER_OBJECT_CONVERSION = YES_AGGRESSIVE;
				CLANG_CXX_LANGUAGE_STANDARD = "gnu++20";
				CLANG_ENABLE_MODULES = YES;
				CLANG_ENABLE_OBJC_ARC = YES;
				CLANG_ENABLE_OBJC_WEAK = YES;
				CLANG_WARN_BLOCK_CAPTURE_AUTORELEASING = YES;
				CLANG_WARN_BOOL_CONVERSION = YES;
				CLANG_WARN_COMMA = YES;
				CLANG_WARN_CONSTANT_CONVERSION = YES;
				CLANG_WARN_DEPRECATED_OBJC_IMPLEMENTATIONS = YES;
				CLANG_WARN_DIRECT_OBJC_ISA_USAGE = YES_ERROR;
				CLANG_WARN_DOCUMENTATION_COMMENTS = YES;
				CLANG_WARN_EMPTY_BODY = YES;
				CLANG_WARN_ENUM_CONVERSION = YES;
				CLANG_WARN_INFINITE_RECURSION = YES;
				CLANG_WARN_INT_CONVERSION = YES;
				CLANG_WARN_NON_LITERAL_NULL_CONVERSION = YES;
				CLANG_WARN_OBJC_IMPLICIT_RETAIN_SELF = YES;
				CLANG_WARN_OBJC_LITERAL_CONVERSION = YES;
				CLANG_WARN_OBJC_ROOT_CLASS = YES_ERROR;
				CLANG_WARN_QUOTED_INCLUDE_IN_FRAMEWORK_HEADER = YES;
				CLANG_WARN_RANGE_LOOP_ANALYSIS = YES;
				CLANG_WARN_STRICT_PROTOTYPES = YES;
				CLANG_WARN_SUSPICIOUS_MOVE = YES;
				CLANG_WARN_UNGUARDED_AVAILABILITY = YES_AGGRESSIVE;
				CLANG_WARN_UNREACHABLE_CODE = YES;
				CLANG_WARN__DUPLICATE_METHOD_MATCH = YES;
				COPY_PHASE_STRIP = NO;
				DEBUG_INFORMATION_FORMAT = dwarf;
				ENABLE_STRICT_OBJC_MSGSEND = YES;
				ENABLE_TESTABILITY = YES;
				ENABLE_USER_SCRIPT_SANDBOXING = YES;
				GCC_C_LANGUAGE_STANDARD = gnu17;
				GCC_DYNAMIC_NO_PIC = NO;
				GCC_NO_COMMON_BLOCKS = YES;
				GCC_OPTIMIZATION_LEVEL = 0;
				GCC_PREPROCESSOR_DEFINITIONS = (
					"DEBUG=1",
					"$(inherited)",
				);
				GCC_WARN_64_TO_32_BIT_CONVERSION = YES;
				GCC_WARN_ABOUT_RETURN_TYPE = YES_ERROR;
				GCC_WARN_UNDECLARED_SELECTOR = YES;
				GCC_WARN_UNINITIALIZED_AUTOS = YES_AGGRESSIVE;
				GCC_WARN_UNUSED_FUNCTION = YES;
				GCC_WARN_UNUSED_VARIABLE = YES;
				MACOSX_DEPLOYMENT_TARGET = 14.0;
				MTL_ENABLE_DEBUG_INFO = INCLUDE_SOURCE;
				MTL_FAST_MATH = YES;
				ONLY_ACTIVE_ARCH = YES;
				SDKROOT = macosx;
				SWIFT_ACTIVE_COMPILATION_CONDITIONS = "DEBUG $(inherited)";
				SWIFT_OPTIMIZATION_LEVEL = "-Onone";
			};
			name = Debug;
		};
		A80000010000000000000011 /* Release */ = {
			isa = XCBuildConfiguration;
			buildSettings = {
				ALWAYS_SEARCH_USER_PATHS = NO;
				ASSETCATALOG_COMPILER_GENERATE_SWIFT_ASSET_SYMBOL_EXTENSIONS = YES;
				CLANG_ANALYZER_NONNULL = YES;
				CLANG_ANALYZER_NUMBER_OBJECT_CONVERSION = YES_AGGRESSIVE;
				CLANG_CXX_LANGUAGE_STANDARD = "gnu++20";
				CLANG_ENABLE_MODULES = YES;
				CLANG_ENABLE_OBJC_ARC = YES;
				CLANG_ENABLE_OBJC_WEAK = YES;
				CLANG_WARN_BLOCK_CAPTURE_AUTORELEASING = YES;
				CLANG_WARN_BOOL_CONVERSION = YES;
				CLANG_WARN_COMMA = YES;
				CLANG_WARN_CONSTANT_CONVERSION = YES;
				CLANG_WARN_DEPRECATED_OBJC_IMPLEMENTATIONS = YES;
				CLANG_WARN_DIRECT_OBJC_ISA_USAGE = YES_ERROR;
				CLANG_WARN_DOCUMENTATION_COMMENTS = YES;
				CLANG_WARN_EMPTY_BODY = YES;
				CLANG_WARN_ENUM_CONVERSION = YES;
				CLANG_WARN_INFINITE_RECURSION = YES;
				CLANG_WARN_INT_CONVERSION = YES;
				CLANG_WARN_NON_LITERAL_NULL_CONVERSION = YES;
				CLANG_WARN_OBJC_IMPLICIT_RETAIN_SELF = YES;
				CLANG_WARN_OBJC_LITERAL_CONVERSION = YES;
				CLANG_WARN_OBJC_ROOT_CLASS = YES_ERROR;
				CLANG_WARN_QUOTED_INCLUDE_IN_FRAMEWORK_HEADER = YES;
				CLANG_WARN_RANGE_LOOP_ANALYSIS = YES;
				CLANG_WARN_STRICT_PROTOTYPES = YES;
				CLANG_WARN_SUSPICIOUS_MOVE = YES;
				CLANG_WARN_UNGUARDED_AVAILABILITY = YES_AGGRESSIVE;
				CLANG_WARN_UNREACHABLE_CODE = YES;
				CLANG_WARN__DUPLICATE_METHOD_MATCH = YES;
				COPY_PHASE_STRIP = NO;
				DEBUG_INFORMATION_FORMAT = "dwarf-with-dsym";
				ENABLE_NS_ASSERTIONS = NO;
				ENABLE_STRICT_OBJC_MSGSEND = YES;
				ENABLE_USER_SCRIPT_SANDBOXING = YES;
				GCC_C_LANGUAGE_STANDARD = gnu17;
				GCC_NO_COMMON_BLOCKS = YES;
				GCC_WARN_64_TO_32_BIT_CONVERSION = YES;
				GCC_WARN_ABOUT_RETURN_TYPE = YES_ERROR;
				GCC_WARN_UNDECLARED_SELECTOR = YES;
				GCC_WARN_UNINITIALIZED_AUTOS = YES_AGGRESSIVE;
				GCC_WARN_UNUSED_FUNCTION = YES;
				GCC_WARN_UNUSED_VARIABLE = YES;
				MACOSX_DEPLOYMENT_TARGET = 14.0;
				MTL_ENABLE_DEBUG_INFO = NO;
				MTL_FAST_MATH = YES;
				SDKROOT = macosx;
				SWIFT_COMPILATION_MODE = wholemodule;
			};
			name = Release;
		};
		A80000010000000000000020 /* Debug */ = {
			isa = XCBuildConfiguration;
			buildSettings = {
				ASSETCATALOG_COMPILER_APPICON_NAME = AppIcon;
				ASSETCATALOG_COMPILER_GLOBAL_ACCENT_COLOR_NAME = AccentColor;
				CODE_SIGN_ENTITLEMENTS = MPPViewer/MPPViewer.entitlements;
				CODE_SIGN_STYLE = Automatic;
				COMBINE_HIDPI_IMAGES = YES;
				CURRENT_PROJECT_VERSION = 1;
				DEVELOPMENT_TEAM = "";
				ENABLE_HARDENED_RUNTIME = YES;
				GENERATE_INFOPLIST_FILE = YES;
				INFOPLIST_FILE = MPPViewer/Info.plist;
				INFOPLIST_KEY_CFBundleDisplayName = "MPP Viewer";
				INFOPLIST_KEY_LSApplicationCategoryType = "public.app-category.productivity";
				INFOPLIST_KEY_NSHumanReadableCopyright = "";
				LD_RUNPATH_SEARCH_PATHS = (
					"$(inherited)",
					"@executable_path/../Frameworks",
				);
				MARKETING_VERSION = 1.0;
				PRODUCT_BUNDLE_IDENTIFIER = com.mppviewer.MPPViewer;
				PRODUCT_NAME = "$(TARGET_NAME)";
				SWIFT_EMIT_LOC_STRINGS = YES;
				SWIFT_VERSION = 5.0;
			};
			name = Debug;
		};
		A80000010000000000000021 /* Release */ = {
			isa = XCBuildConfiguration;
			buildSettings = {
				ASSETCATALOG_COMPILER_APPICON_NAME = AppIcon;
				ASSETCATALOG_COMPILER_GLOBAL_ACCENT_COLOR_NAME = AccentColor;
				CODE_SIGN_ENTITLEMENTS = MPPViewer/MPPViewer.entitlements;
				CODE_SIGN_STYLE = Automatic;
				COMBINE_HIDPI_IMAGES = YES;
				CURRENT_PROJECT_VERSION = 1;
				DEVELOPMENT_TEAM = "";
				ENABLE_HARDENED_RUNTIME = YES;
				GENERATE_INFOPLIST_FILE = YES;
				INFOPLIST_FILE = MPPViewer/Info.plist;
				INFOPLIST_KEY_CFBundleDisplayName = "MPP Viewer";
				INFOPLIST_KEY_LSApplicationCategoryType = "public.app-category.productivity";
				INFOPLIST_KEY_NSHumanReadableCopyright = "";
				LD_RUNPATH_SEARCH_PATHS = (
					"$(inherited)",
					"@executable_path/../Frameworks",
				);
				MARKETING_VERSION = 1.0;
				PRODUCT_BUNDLE_IDENTIFIER = com.mppviewer.MPPViewer;
				PRODUCT_NAME = "$(TARGET_NAME)";
				SWIFT_EMIT_LOC_STRINGS = YES;
				SWIFT_VERSION = 5.0;
			};
			name = Release;
		};
/* End XCBuildConfiguration section */

/* Begin XCConfigurationList section */
		A80000010000000000000001 /* Build configuration list for PBXProject "MPPViewer" */ = {
			isa = XCConfigurationList;
			buildConfigurations = (
				A80000010000000000000010 /* Debug */,
				A80000010000000000000011 /* Release */,
			);
			defaultConfigurationIsVisible = 0;
			defaultConfigurationName = Release;
		};
		A80000010000000000000003 /* Build configuration list for PBXNativeTarget "MPPViewer" */ = {
			isa = XCConfigurationList;
			buildConfigurations = (
				A80000010000000000000020 /* Debug */,
				A80000010000000000000021 /* Release */,
			);
			defaultConfigurationIsVisible = 0;
			defaultConfigurationName = Release;
		};
/* End XCConfigurationList section */

	};
	rootObject = A90000010000000000000001 /* Project object */;
}
